{
  "version": 4,
  "terraform_version": "1.9.0",
  "serial": 50,
  "lineage": "7f9af704-513c-0a81-bf65-fbfb5d9eaa74",
  "outputs": {
    "vm_instances": {
      "value": {
        "db": {
          "external_ip": "89.169.164.16",
          "fqdn": "epdu4u69fhul3s7au4d5.auto.internal",
          "instance_name": "netology-develop-platform-db"
        },
        "web": {
          "external_ip": "158.160.48.17",
          "fqdn": "fhmd6cro9kf9u2d718oe.auto.internal",
          "instance_name": "netology-develop-platform-web"
        }
      },
      "type": [
        "object",
        {
          "db": [
            "object",
            {
              "external_ip": "string",
              "fqdn": "string",
              "instance_name": "string"
            }
          ],
          "web": [
            "object",
            {
              "external_ip": "string",
              "fqdn": "string",
              "instance_name": "string"
            }
          ]
        }
      ]
    }
  },
  "resources": [
    {
      "mode": "data",
      "type": "yandex_compute_image",
      "name": "ubuntu",
      "provider": "provider[\"registry.terraform.io/yandex-cloud/yandex\"]",
      "instances": [
        {
          "schema_version": 0,
          "attributes": {
            "created_at": "2025-05-19T11:03:23Z",
            "description": "Ubuntu 20.04 lts v20250516010436",
            "family": "ubuntu-2004-lts",
            "folder_id": "standard-images",
            "hardware_generation": [
              {
                "generation2_features": [],
                "legacy_features": [
                  {
                    "pci_topology": "PCI_TOPOLOGY_V2"
                  }
                ]
              }
            ],
            "id": "fd8sls0nab6h4a8u94e2",
            "image_id": "fd8sls0nab6h4a8u94e2",
            "kms_key_id": null,
            "labels": {
              "version": "20250516010436"
            },
            "min_disk_size": 5,
            "name": "ubuntu-20-04-lts-v20250519",
            "os_type": "linux",
            "pooled": true,
            "product_ids": [
              "f2egb539r5lc3shrvh0j"
            ],
            "size": 2,
            "status": "ready"
          },
          "sensitive_attributes": []
        }
      ]
    },
    {
      "mode": "managed",
      "type": "yandex_compute_instance",
      "name": "platform",
      "provider": "provider[\"registry.terraform.io/yandex-cloud/yandex\"]",
      "instances": [
        {
          "schema_version": 1,
          "attributes": {
            "allow_recreate": null,
            "allow_stopping_for_update": null,
            "boot_disk": [
              {
                "auto_delete": true,
                "device_name": "fhmpardljkm3c4k4h6ge",
                "disk_id": "fhmpardljkm3c4k4h6ge",
                "initialize_params": [
                  {
                    "block_size": 4096,
                    "description": "",
                    "image_id": "fd8sls0nab6h4a8u94e2",
                    "kms_key_id": "",
                    "name": "",
                    "size": 5,
                    "snapshot_id": "",
                    "type": "network-hdd"
                  }
                ],
                "mode": "READ_WRITE"
              }
            ],
            "created_at": "2025-05-20T11:25:44Z",
            "description": "",
            "filesystem": [],
            "folder_id": "b1g3u4fjk6qf1hl6o0ok",
            "fqdn": "fhmd6cro9kf9u2d718oe.auto.internal",
            "gpu_cluster_id": "",
            "hardware_generation": [
              {
                "generation2_features": [],
                "legacy_features": [
                  {
                    "pci_topology": "PCI_TOPOLOGY_V2"
                  }
                ]
              }
            ],
            "hostname": "",
            "id": "fhmd6cro9kf9u2d718oe",
            "labels": {},
            "local_disk": [],
            "maintenance_grace_period": "",
            "maintenance_policy": null,
            "metadata": {
              "serial-port-enable": "1",
              "ssh-keys": "ubuntu:ssh-ed25519 AAAAC3NzaC1lZDI1NTE5AAAAIM6yiQ05doVfYsWfh0+rkucwKPAgz1//GVs2jFUUzLcJ test@test"
            },
            "metadata_options": [
              {
                "aws_v1_http_endpoint": 1,
                "aws_v1_http_token": 2,
                "gce_http_endpoint": 1,
                "gce_http_token": 1
              }
            ],
            "name": "netology-develop-platform-web",
            "network_acceleration_type": "standard",
            "network_interface": [
              {
                "dns_record": [],
                "index": 0,
                "ip_address": "10.0.1.26",
                "ipv4": true,
                "ipv6": false,
                "ipv6_address": "",
                "ipv6_dns_record": [],
                "mac_address": "d0:0d:d3:33:78:4d",
                "nat": true,
                "nat_dns_record": [],
                "nat_ip_address": "158.160.48.17",
                "nat_ip_version": "IPV4",
                "security_group_ids": [],
                "subnet_id": "e9bp7kgrqo1rrufjdvj6"
              }
            ],
            "placement_policy": [
              {
                "host_affinity_rules": [],
                "placement_group_id": "",
                "placement_group_partition": 0
              }
            ],
            "platform_id": "standard-v3",
            "resources": [
              {
                "core_fraction": 20,
                "cores": 2,
                "gpus": 0,
                "memory": 1
              }
            ],
            "scheduling_policy": [
              {
                "preemptible": true
              }
            ],
            "secondary_disk": [],
            "service_account_id": "",
            "status": "running",
            "timeouts": null,
            "zone": "ru-central1-a"
          },
          "sensitive_attributes": [],
          "private": "eyJlMmJmYjczMC1lY2FhLTExZTYtOGY4OC0zNDM2M2JjN2M0YzAiOnsiY3JlYXRlIjozMDAwMDAwMDAwMDAsImRlbGV0ZSI6MzAwMDAwMDAwMDAwLCJ1cGRhdGUiOjMwMDAwMDAwMDAwMH0sInNjaGVtYV92ZXJzaW9uIjoiMSJ9",
          "dependencies": [
            "data.yandex_compute_image.ubuntu",
            "yandex_vpc_network.develop",
            "yandex_vpc_subnet.develop"
          ]
        }
      ]
    },
    {
      "mode": "managed",
      "type": "yandex_compute_instance",
      "name": "platform-b",
      "provider": "provider[\"registry.terraform.io/yandex-cloud/yandex\"]",
      "instances": [
        {
          "schema_version": 1,
          "attributes": {
            "allow_recreate": null,
            "allow_stopping_for_update": null,
            "boot_disk": [
              {
                "auto_delete": true,
                "device_name": "epd5dbpncrjnmn11jaem",
                "disk_id": "epd5dbpncrjnmn11jaem",
                "initialize_params": [
                  {
                    "block_size": 4096,
                    "description": "",
                    "image_id": "fd8sls0nab6h4a8u94e2",
                    "kms_key_id": "",
                    "name": "",
                    "size": 5,
                    "snapshot_id": "",
                    "type": "network-hdd"
                  }
                ],
                "mode": "READ_WRITE"
              }
            ],
            "created_at": "2025-05-20T11:25:48Z",
            "description": "",
            "filesystem": [],
            "folder_id": "b1g3u4fjk6qf1hl6o0ok",
            "fqdn": "epdu4u69fhul3s7au4d5.auto.internal",
            "gpu_cluster_id": "",
            "hardware_generation": [
              {
                "generation2_features": [],
                "legacy_features": [
                  {
                    "pci_topology": "PCI_TOPOLOGY_V2"
                  }
                ]
              }
            ],
            "hostname": "",
            "id": "epdu4u69fhul3s7au4d5",
            "labels": {},
            "local_disk": [],
            "maintenance_grace_period": "",
            "maintenance_policy": null,
            "metadata": {
              "serial-port-enable": "1",
              "ssh-keys": "ssh-ed25519 AAAAC3NzaC1lZDI1NTE5AAAAIM6yiQ05doVfYsWfh0+rkucwKPAgz1//GVs2jFUUzLcJ test@test"
            },
            "metadata_options": [
              {
                "aws_v1_http_endpoint": 1,
                "aws_v1_http_token": 2,
                "gce_http_endpoint": 1,
                "gce_http_token": 1
              }
            ],
            "name": "netology-develop-platform-db",
            "network_acceleration_type": "standard",
            "network_interface": [
              {
                "dns_record": [],
                "index": 0,
                "ip_address": "10.0.2.14",
                "ipv4": true,
                "ipv6": false,
                "ipv6_address": "",
                "ipv6_dns_record": [],
                "mac_address": "d0:0d:1e:27:8c:97",
                "nat": true,
                "nat_dns_record": [],
                "nat_ip_address": "89.169.164.16",
                "nat_ip_version": "IPV4",
                "security_group_ids": [],
                "subnet_id": "e2lv7bo6jorm30iictqt"
              }
            ],
            "placement_policy": [
              {
                "host_affinity_rules": [],
                "placement_group_id": "",
                "placement_group_partition": 0
              }
            ],
            "platform_id": "standard-v3",
            "resources": [
              {
                "core_fraction": 20,
                "cores": 2,
                "gpus": 0,
                "memory": 2
              }
            ],
            "scheduling_policy": [
              {
                "preemptible": true
              }
            ],
            "secondary_disk": [],
            "service_account_id": "",
            "status": "running",
            "timeouts": null,
            "zone": "ru-central1-b"
          },
          "sensitive_attributes": [],
          "private": "eyJlMmJmYjczMC1lY2FhLTExZTYtOGY4OC0zNDM2M2JjN2M0YzAiOnsiY3JlYXRlIjozMDAwMDAwMDAwMDAsImRlbGV0ZSI6MzAwMDAwMDAwMDAwLCJ1cGRhdGUiOjMwMDAwMDAwMDAwMH0sInNjaGVtYV92ZXJzaW9uIjoiMSJ9",
          "dependencies": [
            "data.yandex_compute_image.ubuntu",
            "yandex_vpc_network.vm_db_develop",
            "yandex_vpc_subnet.vm_db_develop"
          ]
        }
      ]
    },
    {
      "mode": "managed",
      "type": "yandex_vpc_network",
      "name": "develop",
      "provider": "provider[\"registry.terraform.io/yandex-cloud/yandex\"]",
      "instances": [
        {
          "schema_version": 0,
          "attributes": {
            "created_at": "2025-05-15T10:15:58Z",
            "default_security_group_id": "enplbbeaprrhdovo1vo2",
            "description": "",
            "folder_id": "b1g3u4fjk6qf1hl6o0ok",
            "id": "enpitnbho0k2dtflvov2",
            "labels": {},
            "name": "develop",
            "subnet_ids": [
              "e9bp7kgrqo1rrufjdvj6"
            ],
            "timeouts": null
          },
          "sensitive_attributes": [],
          "private": "eyJlMmJmYjczMC1lY2FhLTExZTYtOGY4OC0zNDM2M2JjN2M0YzAiOnsiY3JlYXRlIjo2MDAwMDAwMDAwMCwiZGVsZXRlIjo2MDAwMDAwMDAwMCwidXBkYXRlIjo2MDAwMDAwMDAwMH19"
        }
      ]
    },
    {
      "mode": "managed",
      "type": "yandex_vpc_network",
      "name": "vm_db_develop",
      "provider": "provider[\"registry.terraform.io/yandex-cloud/yandex\"]",
      "instances": [
        {
          "schema_version": 0,
          "attributes": {
            "created_at": "2025-05-16T08:58:34Z",
            "default_security_group_id": "enpkl2ueq5r9t46p9rnq",
            "description": "",
            "folder_id": "b1g3u4fjk6qf1hl6o0ok",
            "id": "enp8f9hfgbhimmdmej4q",
            "labels": {},
            "name": "vm_db_develop",
            "subnet_ids": [
              "e2lv7bo6jorm30iictqt"
            ],
            "timeouts": null
          },
          "sensitive_attributes": [],
          "private": "eyJlMmJmYjczMC1lY2FhLTExZTYtOGY4OC0zNDM2M2JjN2M0YzAiOnsiY3JlYXRlIjo2MDAwMDAwMDAwMCwiZGVsZXRlIjo2MDAwMDAwMDAwMCwidXBkYXRlIjo2MDAwMDAwMDAwMH19"
        }
      ]
    },
    {
      "mode": "managed",
      "type": "yandex_vpc_subnet",
      "name": "develop",
      "provider": "provider[\"registry.terraform.io/yandex-cloud/yandex\"]",
      "instances": [
        {
          "schema_version": 0,
          "attributes": {
            "created_at": "2025-05-15T10:16:01Z",
            "description": "",
            "dhcp_options": [],
            "folder_id": "b1g3u4fjk6qf1hl6o0ok",
            "id": "e9bp7kgrqo1rrufjdvj6",
            "labels": {},
            "name": "develop",
            "network_id": "enpitnbho0k2dtflvov2",
            "route_table_id": "",
            "timeouts": null,
            "v4_cidr_blocks": [
              "10.0.1.0/24"
            ],
            "v6_cidr_blocks": [],
            "zone": "ru-central1-a"
          },
          "sensitive_attributes": [],
          "private": "eyJlMmJmYjczMC1lY2FhLTExZTYtOGY4OC0zNDM2M2JjN2M0YzAiOnsiY3JlYXRlIjoxODAwMDAwMDAwMDAsImRlbGV0ZSI6MTgwMDAwMDAwMDAwLCJ1cGRhdGUiOjE4MDAwMDAwMDAwMH19",
          "dependencies": [
            "yandex_vpc_network.develop"
          ]
        }
      ]
    },
    {
      "mode": "managed",
      "type": "yandex_vpc_subnet",
      "name": "vm_db_develop",
      "provider": "provider[\"registry.terraform.io/yandex-cloud/yandex\"]",
      "instances": [
        {
          "schema_version": 0,
          "attributes": {
            "created_at": "2025-05-16T08:58:37Z",
            "description": "",
            "dhcp_options": [],
            "folder_id": "b1g3u4fjk6qf1hl6o0ok",
            "id": "e2lv7bo6jorm30iictqt",
            "labels": {},
            "name": "vm_db_develop",
            "network_id": "enp8f9hfgbhimmdmej4q",
            "route_table_id": "",
            "timeouts": null,
            "v4_cidr_blocks": [
              "10.0.2.0/24"
            ],
            "v6_cidr_blocks": [],
            "zone": "ru-central1-b"
          },
          "sensitive_attributes": [],
          "private": "eyJlMmJmYjczMC1lY2FhLTExZTYtOGY4OC0zNDM2M2JjN2M0YzAiOnsiY3JlYXRlIjoxODAwMDAwMDAwMDAsImRlbGV0ZSI6MTgwMDAwMDAwMDAwLCJ1cGRhdGUiOjE4MDAwMDAwMDAwMH19",
          "dependencies": [
            "yandex_vpc_network.vm_db_develop"
          ]
        }
      ]
    }
  ],
  "check_results": null
}
